{
  "name": "togeojson",
  "version": "1.0.0",
  "lockfileVersion": 1,
  "requires": true,
  "dependencies": {
    "@mapbox/togeojson": {
      "version": "0.16.0",
      "resolved": "https://registry.npm.taobao.org/@mapbox/togeojson/download/@mapbox/togeojson-0.16.0.tgz",
      "integrity": "sha1-WygwAQeEMYIdx04oesr1ahHOs3w=",
      "requires": {
        "concat-stream": "~1.5.1",
        "minimist": "1.2.0",
        "xmldom": "~0.1.19"
      },
      "dependencies": {
        "xmldom": {
          "version": "0.1.31",
          "resolved": "https://registry.npm.taobao.org/xmldom/download/xmldom-0.1.31.tgz",
          "integrity": "sha1-t2yaG9nwqXN+WnLcNyMc84N14v8="
        }
      }
    },
    "@types/geojson": {
      "version": "7946.0.7",
      "resolved": "https://registry.npm.taobao.org/@types/geojson/download/@types/geojson-7946.0.7.tgz",
      "integrity": "sha1-yPpTK2CgBCIZzfFzyiGpde8GZq0=",
      "optional": true
    },
    "adler-32": {
      "version": "1.2.0",
      "resolved": "https://registry.npm.taobao.org/adler-32/download/adler-32-1.2.0.tgz",
      "integrity": "sha1-aj5r8KY5ALoVZSgIyxXGgT0aXyU=",
      "requires": {
        "exit-on-epipe": "~1.0.1",
        "printj": "~1.1.0"
      }
    },
    "buffer-from": {
      "version": "1.1.1",
      "resolved": "http://registry.npm.taobao.org/buffer-from/download/buffer-from-1.1.1.tgz",
      "integrity": "sha1-MnE7wCj3XAL9txDXx7zsHyxgcO8="
    },
    "cfb": {
      "version": "1.1.4",
      "resolved": "https://registry.npm.taobao.org/cfb/download/cfb-1.1.4.tgz?cache=0&other_urls=https%3A%2F%2Fregistry.npm.taobao.org%2Fcfb%2Fdownload%2Fcfb-1.1.4.tgz",
      "integrity": "sha1-gf017eTJGdjwliqUWC4d+vcFHio=",
      "requires": {
        "adler-32": "~1.2.0",
        "commander": "^2.16.0",
        "crc-32": "~1.2.0",
        "printj": "~1.1.2"
      }
    },
    "codepage": {
      "version": "1.14.0",
      "resolved": "https://registry.npm.taobao.org/codepage/download/codepage-1.14.0.tgz",
      "integrity": "sha1-jL4lSBMjVZ19MHVxsP/5HnodL5k=",
      "requires": {
        "commander": "~2.14.1",
        "exit-on-epipe": "~1.0.1"
      },
      "dependencies": {
        "commander": {
          "version": "2.14.1",
          "resolved": "https://registry.npm.taobao.org/commander/download/commander-2.14.1.tgz",
          "integrity": "sha1-IjUSPjevjKPGXfRbAm29NXsBuao="
        }
      }
    },
    "commander": {
      "version": "2.17.1",
      "resolved": "https://registry.npm.taobao.org/commander/download/commander-2.17.1.tgz",
      "integrity": "sha1-vXerfebelCBc6sxy8XFtKfIKd78="
    },
    "concat-stream": {
      "version": "1.5.2",
      "resolved": "http://registry.npm.taobao.org/concat-stream/download/concat-stream-1.5.2.tgz",
      "integrity": "sha1-cIl4Yk2FavQaWnQd790mHadSwmY=",
      "requires": {
        "inherits": "~2.0.1",
        "readable-stream": "~2.0.0",
        "typedarray": "~0.0.5"
      }
    },
    "core-util-is": {
      "version": "1.0.2",
      "resolved": "http://registry.npm.taobao.org/core-util-is/download/core-util-is-1.0.2.tgz",
      "integrity": "sha1-tf1UIgqivFq1eqtxQMlAdUUDwac="
    },
    "crc-32": {
      "version": "1.2.0",
      "resolved": "https://registry.npm.taobao.org/crc-32/download/crc-32-1.2.0.tgz",
      "integrity": "sha1-yy224puIUI4y2d0OwWk+e0Ghggg=",
      "requires": {
        "exit-on-epipe": "~1.0.1",
        "printj": "~1.1.0"
      }
    },
    "exit-on-epipe": {
      "version": "1.0.1",
      "resolved": "https://registry.npm.taobao.org/exit-on-epipe/download/exit-on-epipe-1.0.1.tgz",
      "integrity": "sha1-C92S6H1ShdJn2qgXHQ6wYVlolpI="
    },
    "frac": {
      "version": "1.1.2",
      "resolved": "https://registry.npm.taobao.org/frac/download/frac-1.1.2.tgz",
      "integrity": "sha1-PXT39keMiKG1AgMG10fcYxPHTQs="
    },
    "inherits": {
      "version": "2.0.4",
      "resolved": "https://registry.npm.taobao.org/inherits/download/inherits-2.0.4.tgz?cache=0&sync_timestamp=1560975547815&other_urls=https%3A%2F%2Fregistry.npm.taobao.org%2Finherits%2Fdownload%2Finherits-2.0.4.tgz",
      "integrity": "sha1-D6LGT5MpF8NDOg3tVTY6rjdBa3w="
    },
    "isarray": {
      "version": "1.0.0",
      "resolved": "https://registry.npm.taobao.org/isarray/download/isarray-1.0.0.tgz",
      "integrity": "sha1-u5NdSFgsuhaMBoNJV6VKPgcSTxE="
    },
    "minimist": {
      "version": "1.2.0",
      "resolved": "https://registry.npm.taobao.org/minimist/download/minimist-1.2.0.tgz?cache=0&other_urls=https%3A%2F%2Fregistry.npm.taobao.org%2Fminimist%2Fdownload%2Fminimist-1.2.0.tgz",
      "integrity": "sha1-o1AIsg9BOD7sH7kU9M1d95omQoQ="
    },
    "node-xlsx": {
      "version": "0.15.0",
      "resolved": "https://registry.npm.taobao.org/node-xlsx/download/node-xlsx-0.15.0.tgz",
      "integrity": "sha1-HxsNetzlxwboa/2WpaoABb+KncM=",
      "requires": {
        "buffer-from": "^1.1.0",
        "xlsx": "^0.14.1"
      }
    },
    "printj": {
      "version": "1.1.2",
      "resolved": "https://registry.npm.taobao.org/printj/download/printj-1.1.2.tgz",
      "integrity": "sha1-2Q3rKXWoufYA+zoclOP0xTx4oiI="
    },
    "process-nextick-args": {
      "version": "1.0.7",
      "resolved": "https://registry.npm.taobao.org/process-nextick-args/download/process-nextick-args-1.0.7.tgz?cache=0&other_urls=https%3A%2F%2Fregistry.npm.taobao.org%2Fprocess-nextick-args%2Fdownload%2Fprocess-nextick-args-1.0.7.tgz",
      "integrity": "sha1-FQ4gt1ZZCtP5EJPyWk8q2L/zC6M="
    },
    "readable-stream": {
      "version": "2.0.6",
      "resolved": "https://registry.npm.taobao.org/readable-stream/download/readable-stream-2.0.6.tgz",
      "integrity": "sha1-j5A0HmilPMySh4jaz80Rs265t44=",
      "requires": {
        "core-util-is": "~1.0.0",
        "inherits": "~2.0.1",
        "isarray": "~1.0.0",
        "process-nextick-args": "~1.0.6",
        "string_decoder": "~0.10.x",
        "util-deprecate": "~1.0.1"
      }
    },
    "ssf": {
      "version": "0.10.3",
      "resolved": "https://registry.npm.taobao.org/ssf/download/ssf-0.10.3.tgz?cache=0&other_urls=https%3A%2F%2Fregistry.npm.taobao.org%2Fssf%2Fdownload%2Fssf-0.10.3.tgz",
      "integrity": "sha1-jq4fwpyQpVLnkhII+BiS1vd6yys=",
      "requires": {
        "frac": "~1.1.2"
      }
    },
    "string_decoder": {
      "version": "0.10.31",
      "resolved": "https://registry.npm.taobao.org/string_decoder/download/string_decoder-0.10.31.tgz",
      "integrity": "sha1-YuIDvEF2bGwoyfyEMB2rHFMQ+pQ="
    },
    "terraformer": {
      "version": "1.0.12",
      "resolved": "https://registry.npm.taobao.org/terraformer/download/terraformer-1.0.12.tgz",
      "integrity": "sha1-OeCPnHU2BkIazOAuEiRAxy36EtM=",
      "requires": {
        "@types/geojson": "^7946.0.0 || ^1.0.0"
      }
    },
    "terraformer-wkt-parser": {
      "version": "1.2.1",
      "resolved": "https://registry.npm.taobao.org/terraformer-wkt-parser/download/terraformer-wkt-parser-1.2.1.tgz",
      "integrity": "sha1-gEHirrDJ8rTLvsjsLFwAxF3f7gI=",
      "requires": {
        "@types/geojson": "^1.0.0",
        "terraformer": "~1.0.5"
      },
      "dependencies": {
        "@types/geojson": {
          "version": "1.0.6",
          "resolved": "https://registry.npm.taobao.org/@types/geojson/download/@types/geojson-1.0.6.tgz",
          "integrity": "sha1-PgKXJyjGkkjCrwjWCkjLuGgP/98="
        }
      }
    },
    "typedarray": {
      "version": "0.0.6",
      "resolved": "http://registry.npm.taobao.org/typedarray/download/typedarray-0.0.6.tgz",
      "integrity": "sha1-hnrHTjhkGHsdPUfZlqeOxciDB3c="
    },
    "util-deprecate": {
      "version": "1.0.2",
      "resolved": "http://registry.npm.taobao.org/util-deprecate/download/util-deprecate-1.0.2.tgz",
      "integrity": "sha1-RQ1Nyfpw3nMnYvvS1KKJgUGaDM8="
    },
    "xlsx": {
      "version": "0.14.5",
      "resolved": "https://registry.npm.taobao.org/xlsx/download/xlsx-0.14.5.tgz?cache=0&other_urls=https%3A%2F%2Fregistry.npm.taobao.org%2Fxlsx%2Fdownload%2Fxlsx-0.14.5.tgz",
      "integrity": "sha1-NjfpFNeRvcpzgoFuFz99cl7Q4NI=",
      "requires": {
        "adler-32": "~1.2.0",
        "cfb": "^1.1.2",
        "codepage": "~1.14.0",
        "commander": "~2.17.1",
        "crc-32": "~1.2.0",
        "exit-on-epipe": "~1.0.1",
        "ssf": "~0.10.2"
      }
    },
    "xmldom": {
      "version": "0.6.0",
      "resolved": "https://registry.npmjs.org/xmldom/-/xmldom-0.6.0.tgz",
      "integrity": "sha512-iAcin401y58LckRZ0TkI4k0VSM1Qg0KGSc3i8rU+xrxe19A/BN1zHyVSJY7uoutVlaTSzYyk/v5AmkewAP7jtg=="
    }
  }
}
